
Microsoft Visual Studio Solution File, Format Version 12.00
# Visual Studio 15
VisualStudioVersion = 15.0.27428.2011
MinimumVisualStudioVersion = 10.0.40219.1
Project("{8BC9CEB8-8B4A-11D0-8D11-00A0C91BC942}") = "PSP1Assignment_IanWhittemore", "PSP1Assignment_IanWhittemore\PSP1Assignment_IanWhittemore.vcxproj", "{C9C38AAA-D8D9-43F7-AC9B-5E2EE5A09458}"
EndProject
Global
	GlobalSection(SolutionConfigurationPlatforms) = preSolution
		Debug|x64 = Debug|x64
		Debug|x86 = Debug|x86
		Release|x64 = Release|x64
		Release|x86 = Release|x86
	EndGlobalSection
	GlobalSection(ProjectConfigurationPlatforms) = postSolution
		{C9C38AAA-D8D9-43F7-AC9B-5E2EE5A09458}.Debug|x64.ActiveCfg = Debug|x64
		{C9C38AAA-D8D9-43F7-AC9B-5E2EE5A09458}.Debug|x64.Build.0 = Debug|x64
		{C9C38AAA-D8D9-43F7-AC9B-5E2EE5A09458}.Debug|x86.ActiveCfg = Debug|Win32
		{C9C38AAA-D8D9-43F7-AC9B-5E2EE5A09458}.Debug|x86.Build.0 = Debug|Win32
		{C9C38AAA-D8D9-43F7-AC9B-5E2EE5A09458}.Release|x64.ActiveCfg = Release|x64
		{C9C38AAA-D8D9-43F7-AC9B-5E2EE5A09458}.Release|x64.Build.0 = Release|x64
		{C9C38AAA-D8D9-43F7-AC9B-5E2EE5A09458}.Release|x86.ActiveCfg = Release|Win32
		{C9C38AAA-D8D9-43F7-AC9B-5E2EE5A09458}.Release|x86.Build.0 = Release|Win32
	EndGlobalSection
	GlobalSection(SolutionProperties) = preSolution
		HideSolutionNode = FALSE
	EndGlobalSection
	GlobalSection(ExtensibilityGlobals) = postSolution
		SolutionGuid = {33BE97E4-8502-43DE-94F3-85080338452C}
	EndGlobalSection
EndGlobal
